
Microsoft Visual Studio Solution File, Format Version 12.00
# Visual Studio Version 17
VisualStudioVersion = 17.1.32210.238
MinimumVisualStudioVersion = 10.0.40219.1
Project("{FAE04EC0-301F-11D3-BF4B-00C04F79EFBC}") = "Backend", "Backend\Backend.csproj", "{4FD81624-2CCB-4D3D-B89B-BBA57E86C71B}"
EndProject
Global
	GlobalSection(SolutionConfigurationPlatforms) = preSolution
		Debug|Any CPU = Debug|Any CPU
		Release|Any CPU = Release|Any CPU
	EndGlobalSection
	GlobalSection(ProjectConfigurationPlatforms) = postSolution
		{4FD81624-2CCB-4D3D-B89B-BBA57E86C71B}.Debug|Any CPU.ActiveCfg = Debug|Any CPU
		{4FD81624-2CCB-4D3D-B89B-BBA57E86C71B}.Debug|Any CPU.Build.0 = Debug|Any CPU
		{4FD81624-2CCB-4D3D-B89B-BBA57E86C71B}.Release|Any CPU.ActiveCfg = Release|Any CPU
		{4FD81624-2CCB-4D3D-B89B-BBA57E86C71B}.Release|Any CPU.Build.0 = Release|Any CPU
	EndGlobalSection
	GlobalSection(SolutionProperties) = preSolution
		HideSolutionNode = FALSE
	EndGlobalSection
	GlobalSection(ExtensibilityGlobals) = postSolution
		SolutionGuid = {4768F31C-34CA-4EEC-B173-615011CA5B55}
	EndGlobalSection
EndGlobal
